// !$*UTF8*$!
{
	archiveVersion = 1;
	classes = {
	};
	objectVersion = 77;
	objects = {

/* Begin PBXContainerItemProxy section */
		D0F385B32D5A8F0E00658263 /* PBXContainerItemProxy */ = {
			isa = PBXContainerItemProxy;
			containerPortal = D0F3859A2D5A8F0D00658263 /* Project object */;
			proxyType = 1;
			remoteGlobalIDString = D0F385A12D5A8F0D00658263;
			remoteInfo = Deneme1;
		};
		D0F385BD2D5A8F0E00658263 /* PBXContainerItemProxy */ = {
			isa = PBXContainerItemProxy;
			containerPortal = D0F3859A2D5A8F0D00658263 /* Project object */;
			proxyType = 1;
			remoteGlobalIDString = D0F385A12D5A8F0D00658263;
			remoteInfo = Deneme1;
		};
/* End PBXContainerItemProxy section */

/* Begin PBXFileReference section */
		D0F385A22D5A8F0D00658263 /* Deneme1.app */ = {isa = PBXFileReference; explicitFileType = wrapper.application; includeInIndex = 0; name = Deneme1.app; path = "/Users/macbookair/Desktop/Deneme1/build/Debug-iphoneos/Deneme1.app"; sourceTree = "<absolute>"; };
		D0F385B22D5A8F0E00658263 /* Deneme1Tests.xctest */ = {isa = PBXFileReference; explicitFileType = wrapper.cfbundle; includeInIndex = 0; name = Deneme1Tests.xctest; path = "/Users/macbookair/Desktop/Deneme1/build/Debug-iphoneos/Deneme1.app/PlugIns/Deneme1Tests.xctest"; sourceTree = "<absolute>"; };
		D0F385BC2D5A8F0E00658263 /* Deneme1UITests.xctest */ = {isa = PBXFileReference; explicitFileType = wrapper.cfbundle; includeInIndex = 0; name = Deneme1UITests.xctest; path = "/Users/macbookair/Desktop/Deneme1/build/Debug-iphoneos/Deneme1UITests-Runner.app/PlugIns/Deneme1UITests.xctest"; sourceTree = "<absolute>"; };
/* End PBXFileReference section */

/* Begin PBXFileSystemSynchronizedRootGroup section */
		D0F385A42D5A8F0D00658263 /* Deneme1 */ = {
			isa = PBXFileSystemSynchronizedRootGroup;
			path = Deneme1;
			sourceTree = "<group>";
		};
		D0F385B52D5A8F0E00658263 /* Deneme1Tests */ = {
			isa = PBXFileSystemSynchronizedRootGroup;
			path = Deneme1Tests;
			sourceTree = "<group>";
		};
		D0F385BF2D5A8F0E00658263 /* Deneme1UITests */ = {
			isa = PBXFileSystemSynchronizedRootGroup;
			path = Deneme1UITests;
			sourceTree = "<group>";
		};
/* End PBXFileSystemSynchronizedRootGroup section */

/* Begin PBXFrameworksBuildPhase section */
		D0F3859F2D5A8F0D00658263 /* Frameworks */ = {
			isa = PBXFrameworksBuildPhase;
			buildActionMask = 2147483647;
			files = (
			);
			runOnlyForDeploymentPostprocessing = 0;
		};
		D0F385AF2D5A8F0E00658263 /* Frameworks */ = {
			isa = PBXFrameworksBuildPhase;
			buildActionMask = 2147483647;
			files = (
			);
			runOnlyForDeploymentPostprocessing = 0;
		};
		D0F385B92D5A8F0E00658263 /* Frameworks */ = {
			isa = PBXFrameworksBuildPhase;
			buildActionMask = 2147483647;
			files = (
			);
			runOnlyForDeploymentPostprocessing = 0;
		};
/* End PBXFrameworksBuildPhase section */

/* Begin PBXGroup section */
		D0F385992D5A8F0D00658263 = {
			isa = PBXGroup;
			children = (
				D0F385A42D5A8F0D00658263 /* Deneme1 */,
				D0F385B52D5A8F0E00658263 /* Deneme1Tests */,
				D0F385BF2D5A8F0E00658263 /* Deneme1UITests */,
			);
			sourceTree = "<group>";
		};
/* End PBXGroup section */

/* Begin PBXNativeTarget section */
		D0F385A12D5A8F0D00658263 /* Deneme1 */ = {
			isa = PBXNativeTarget;
			buildConfigurationList = D0F385C62D5A8F0E00658263 /* Build configuration list for PBXNativeTarget "Deneme1" */;
			buildPhases = (
				D0F3859E2D5A8F0D00658263 /* Sources */,
				D0F3859F2D5A8F0D00658263 /* Frameworks */,
				D0F385A02D5A8F0D00658263 /* Resources */,
			);
			buildRules = (
			);
			dependencies = (
			);
			fileSystemSynchronizedGroups = (
				D0F385A42D5A8F0D00658263 /* Deneme1 */,
			);
			name = Deneme1;
			packageProductDependencies = (
			);
			productName = Deneme1;
			productReference = D0F385A22D5A8F0D00658263 /* Deneme1.app */;
			productType = "com.apple.product-type.application";
		};
		D0F385B12D5A8F0E00658263 /* Deneme1Tests */ = {
			isa = PBXNativeTarget;
			buildConfigurationList = D0F385C92D5A8F0E00658263 /* Build configuration list for PBXNativeTarget "Deneme1Tests" */;
			buildPhases = (
				D0F385AE2D5A8F0E00658263 /* Sources */,
				D0F385AF2D5A8F0E00658263 /* Frameworks */,
				D0F385B02D5A8F0E00658263 /* Resources */,
			);
			buildRules = (
			);
			dependencies = (
				D0F385B42D5A8F0E00658263 /* PBXTargetDependency */,
			);
			fileSystemSynchronizedGroups = (
				D0F385B52D5A8F0E00658263 /* Deneme1Tests */,
			);
			name = Deneme1Tests;
			packageProductDependencies = (
			);
			productName = Deneme1Tests;
			productReference = D0F385B22D5A8F0E00658263 /* Deneme1Tests.xctest */;
			productType = "com.apple.product-type.bundle.unit-test";
		};
		D0F385BB2D5A8F0E00658263 /* Deneme1UITests */ = {
			isa = PBXNativeTarget;
			buildConfigurationList = D0F385CC2D5A8F0E00658263 /* Build configuration list for PBXNativeTarget "Deneme1UITests" */;
			buildPhases = (
				D0F385B82D5A8F0E00658263 /* Sources */,
				D0F385B92D5A8F0E00658263 /* Frameworks */,
				D0F385BA2D5A8F0E00658263 /* Resources */,
			);
			buildRules = (
			);
			dependencies = (
				D0F385BE2D5A8F0E00658263 /* PBXTargetDependency */,
			);
			fileSystemSynchronizedGroups = (
				D0F385BF2D5A8F0E00658263 /* Deneme1UITests */,
			);
			name = Deneme1UITests;
			packageProductDependencies = (
			);
			productName = Deneme1UITests;
			productReference = D0F385BC2D5A8F0E00658263 /* Deneme1UITests.xctest */;
			productType = "com.apple.product-type.bundle.ui-testing";
		};
/* End PBXNativeTarget section */

/* Begin PBXProject section */
		D0F3859A2D5A8F0D00658263 /* Project object */ = {
			isa = PBXProject;
			attributes = {
				BuildIndependentTargetsInParallel = 1;
				LastSwiftUpdateCheck = 1620;
				LastUpgradeCheck = 1620;
				TargetAttributes = {
					D0F385A12D5A8F0D00658263 = {
						CreatedOnToolsVersion = 16.2;
					};
					D0F385B12D5A8F0E00658263 = {
						CreatedOnToolsVersion = 16.2;
						TestTargetID = D0F385A12D5A8F0D00658263;
					};
					D0F385BB2D5A8F0E00658263 = {
						CreatedOnToolsVersion = 16.2;
						TestTargetID = D0F385A12D5A8F0D00658263;
					};
				};
			};
			buildConfigurationList = D0F3859D2D5A8F0D00658263 /* Build configuration list for PBXProject "Deneme1" */;
			developmentRegion = en;
			hasScannedForEncodings = 0;
			knownRegions = (
				en,
				Base,
			);
			mainGroup = D0F385992D5A8F0D00658263;
			minimizedProjectReferenceProxies = 1;
			preferredProjectObjectVersion = 77;
			productRefGroup = D0F385992D5A8F0D00658263;
			projectDirPath = "";
			projectRoot = "";
			targets = (
				D0F385A12D5A8F0D00658263 /* Deneme1 */,
				D0F385B12D5A8F0E00658263 /* Deneme1Tests */,
				D0F385BB2D5A8F0E00658263 /* Deneme1UITests */,
			);
		};
/* End PBXProject section */

/* Begin PBXResourcesBuildPhase section */
		D0F385A02D5A8F0D00658263 /* Resources */ = {
			isa = PBXResourcesBuildPhase;
			buildActionMask = 2147483647;
			files = (
			);
			runOnlyForDeploymentPostprocessing = 0;
		};
		D0F385B02D5A8F0E00658263 /* Resources */ = {
			isa = PBXResourcesBuildPhase;
			buildActionMask = 2147483647;
			files = (
			);
			runOnlyForDeploymentPostprocessing = 0;
		};
		D0F385BA2D5A8F0E00658263 /* Resources */ = {
			isa = PBXResourcesBuildPhase;
			buildActionMask = 2147483647;
			files = (
			);
			runOnlyForDeploymentPostprocessing = 0;
		};
/* End PBXResourcesBuildPhase section */

/* Begin PBXSourcesBuildPhase section */
		D0F3859E2D5A8F0D00658263 /* Sources */ = {
			isa = PBXSourcesBuildPhase;
			buildActionMask = 2147483647;
			files = (
			);
			runOnlyForDeploymentPostprocessing = 0;
		};
		D0F385AE2D5A8F0E00658263 /* Sources */ = {
			isa = PBXSourcesBuildPhase;
			buildActionMask = 2147483647;
			files = (
			);
			runOnlyForDeploymentPostprocessing = 0;
		};
		D0F385B82D5A8F0E00658263 /* Sources */ = {
			isa = PBXSourcesBuildPhase;
			buildActionMask = 2147483647;
			files = (
			);
			runOnlyForDeploymentPostprocessing = 0;
		};
/* End PBXSourcesBuildPhase section */

/* Begin PBXTargetDependency section */
		D0F385B42D5A8F0E00658263 /* PBXTargetDependency */ = {
			isa = PBXTargetDependency;
			target = D0F385A12D5A8F0D00658263 /* Deneme1 */;
			targetProxy = D0F385B32D5A8F0E00658263 /* PBXContainerItemProxy */;
		};
		D0F385BE2D5A8F0E00658263 /* PBXTargetDependency */ = {
			isa = PBXTargetDependency;
			target = D0F385A12D5A8F0D00658263 /* Deneme1 */;
			targetProxy = D0F385BD2D5A8F0E00658263 /* PBXContainerItemProxy */;
		};
/* End PBXTargetDependency section */

/* Begin XCBuildConfiguration section */
		D0F385C42D5A8F0E00658263 /* Debug */ = {
			isa = XCBuildConfiguration;
			buildSettings = {
				ALWAYS_SEARCH_USER_PATHS = NO;
				ASSETCATALOG_COMPILER_GENERATE_SWIFT_ASSET_SYMBOL_EXTENSIONS = YES;
				CLANG_ANALYZER_NONNULL = YES;
				CLANG_ANALYZER_NUMBER_OBJECT_CONVERSION = YES_AGGRESSIVE;
				CLANG_CXX_LANGUAGE_STANDARD = "gnu++20";
				CLANG_ENABLE_MODULES = YES;
				CLANG_ENABLE_OBJC_ARC = YES;
				CLANG_ENABLE_OBJC_WEAK = YES;
				CLANG_WARN_BLOCK_CAPTURE_AUTORELEASING = YES;
				CLANG_WARN_BOOL_CONVERSION = YES;
				CLANG_WARN_COMMA = YES;
				CLANG_WARN_CONSTANT_CONVERSION = YES;
				CLANG_WARN_DEPRECATED_OBJC_IMPLEMENTATIONS = YES;
				CLANG_WARN_DIRECT_OBJC_ISA_USAGE = YES_ERROR;
				CLANG_WARN_DOCUMENTATION_COMMENTS = YES;
				CLANG_WARN_EMPTY_BODY = YES;
				CLANG_WARN_ENUM_CONVERSION = YES;
				CLANG_WARN_INFINITE_RECURSION = YES;
				CLANG_WARN_INT_CONVERSION = YES;
				CLANG_WARN_NON_LITERAL_NULL_CONVERSION = YES;
				CLANG_WARN_OBJC_IMPLICIT_RETAIN_SELF = YES;
				CLANG_WARN_OBJC_LITERAL_CONVERSION = YES;
				CLANG_WARN_OBJC_ROOT_CLASS = YES_ERROR;
				CLANG_WARN_QUOTED_INCLUDE_IN_FRAMEWORK_HEADER = YES;
				CLANG_WARN_RANGE_LOOP_ANALYSIS = YES;
				CLANG_WARN_STRICT_PROTOTYPES = YES;
				CLANG_WARN_SUSPICIOUS_MOVE = YES;
				CLANG_WARN_UNGUARDED_AVAILABILITY = YES_AGGRESSIVE;
				CLANG_WARN_UNREACHABLE_CODE = YES;
				CLANG_WARN__DUPLICATE_METHOD_MATCH = YES;
				COPY_PHASE_STRIP = NO;
				DEBUG_INFORMATION_FORMAT = dwarf;
				ENABLE_STRICT_OBJC_MSGSEND = YES;
				ENABLE_TESTABILITY = YES;
				ENABLE_USER_SCRIPT_SANDBOXING = YES;
				GCC_C_LANGUAGE_STANDARD = gnu17;
				GCC_DYNAMIC_NO_PIC = NO;
				GCC_NO_COMMON_BLOCKS = YES;
				GCC_OPTIMIZATION_LEVEL = 0;
				GCC_PREPROCESSOR_DEFINITIONS = (
					"DEBUG=1",
					"$(inherited)",
				);
				GCC_WARN_64_TO_32_BIT_CONVERSION = YES;
				GCC_WARN_ABOUT_RETURN_TYPE = YES_ERROR;
				GCC_WARN_UNDECLARED_SELECTOR = YES;
				GCC_WARN_UNINITIALIZED_AUTOS = YES_AGGRESSIVE;
				GCC_WARN_UNUSED_FUNCTION = YES;
				GCC_WARN_UNUSED_VARIABLE = YES;
				IPHONEOS_DEPLOYMENT_TARGET = 18.2;
				LOCALIZATION_PREFERS_STRING_CATALOGS = YES;
				MTL_ENABLE_DEBUG_INFO = INCLUDE_SOURCE;
				MTL_FAST_MATH = YES;
				ONLY_ACTIVE_ARCH = YES;
				SDKROOT = iphoneos;
				SWIFT_ACTIVE_COMPILATION_CONDITIONS = "DEBUG $(inherited)";
				SWIFT_OPTIMIZATION_LEVEL = "-Onone";
			};
			name = Debug;
		};
		D0F385C52D5A8F0E00658263 /* Release */ = {
			isa = XCBuildConfiguration;
			buildSettings = {
				ALWAYS_SEARCH_USER_PATHS = NO;
				ASSETCATALOG_COMPILER_GENERATE_SWIFT_ASSET_SYMBOL_EXTENSIONS = YES;
				CLANG_ANALYZER_NONNULL = YES;
				CLANG_ANALYZER_NUMBER_OBJECT_CONVERSION = YES_AGGRESSIVE;
				CLANG_CXX_LANGUAGE_STANDARD = "gnu++20";
				CLANG_ENABLE_MODULES = YES;
				CLANG_ENABLE_OBJC_ARC = YES;
				CLANG_ENABLE_OBJC_WEAK = YES;
				CLANG_WARN_BLOCK_CAPTURE_AUTORELEASING = YES;
				CLANG_WARN_BOOL_CONVERSION = YES;
				CLANG_WARN_COMMA = YES;
				CLANG_WARN_CONSTANT_CONVERSION = YES;
				CLANG_WARN_DEPRECATED_OBJC_IMPLEMENTATIONS = YES;
				CLANG_WARN_DIRECT_OBJC_ISA_USAGE = YES_ERROR;
				CLANG_WARN_DOCUMENTATION_COMMENTS = YES;
				CLANG_WARN_EMPTY_BODY = YES;
				CLANG_WARN_ENUM_CONVERSION = YES;
				CLANG_WARN_INFINITE_RECURSION = YES;
				CLANG_WARN_INT_CONVERSION = YES;
				CLANG_WARN_NON_LITERAL_NULL_CONVERSION = YES;
				CLANG_WARN_OBJC_IMPLICIT_RETAIN_SELF = YES;
				CLANG_WARN_OBJC_LITERAL_CONVERSION = YES;
				CLANG_WARN_OBJC_ROOT_CLASS = YES_ERROR;
				CLANG_WARN_QUOTED_INCLUDE_IN_FRAMEWORK_HEADER = YES;
				CLANG_WARN_RANGE_LOOP_ANALYSIS = YES;
				CLANG_WARN_STRICT_PROTOTYPES = YES;
				CLANG_WARN_SUSPICIOUS_MOVE = YES;
				CLANG_WARN_UNGUARDED_AVAILABILITY = YES_AGGRESSIVE;
				CLANG_WARN_UNREACHABLE_CODE = YES;
				CLANG_WARN__DUPLICATE_METHOD_MATCH = YES;
				COPY_PHASE_STRIP = NO;
				DEBUG_INFORMATION_FORMAT = "dwarf-with-dsym";
				ENABLE_NS_ASSERTIONS = NO;
				ENABLE_STRICT_OBJC_MSGSEND = YES;
				ENABLE_USER_SCRIPT_SANDBOXING = YES;
				GCC_C_LANGUAGE_STANDARD = gnu17;
				GCC_NO_COMMON_BLOCKS = YES;
				GCC_WARN_64_TO_32_BIT_CONVERSION = YES;
				GCC_WARN_ABOUT_RETURN_TYPE = YES_ERROR;
				GCC_WARN_UNDECLARED_SELECTOR = YES;
				GCC_WARN_UNINITIALIZED_AUTOS = YES_AGGRESSIVE;
				GCC_WARN_UNUSED_FUNCTION = YES;
				GCC_WARN_UNUSED_VARIABLE = YES;
				IPHONEOS_DEPLOYMENT_TARGET = 18.2;
				LOCALIZATION_PREFERS_STRING_CATALOGS = YES;
				MTL_ENABLE_DEBUG_INFO = NO;
				MTL_FAST_MATH = YES;
				SDKROOT = iphoneos;
				SWIFT_COMPILATION_MODE = wholemodule;
				VALIDATE_PRODUCT = YES;
			};
			name = Release;
		};
		D0F385C72D5A8F0E00658263 /* Debug */ = {
			isa = XCBuildConfiguration;
			buildSettings = {
				ASSETCATALOG_COMPILER_APPICON_NAME = AppIcon;
				ASSETCATALOG_COMPILER_GLOBAL_ACCENT_COLOR_NAME = AccentColor;
				CODE_SIGN_STYLE = Automatic;
				CURRENT_PROJECT_VERSION = 1;
				DEVELOPMENT_ASSET_PATHS = "\"Deneme1/Preview Content\"";
				DEVELOPMENT_TEAM = 38W9HTCDSG;
				ENABLE_PREVIEWS = YES;
				GENERATE_INFOPLIST_FILE = YES;
				INFOPLIST_KEY_UIApplicationSceneManifest_Generation = YES;
				INFOPLIST_KEY_UIApplicationSupportsIndirectInputEvents = YES;
				INFOPLIST_KEY_UILaunchScreen_Generation = YES;
				INFOPLIST_KEY_UISupportedInterfaceOrientations_iPad = "UIInterfaceOrientationPortrait UIInterfaceOrientationPortraitUpsideDown UIInterfaceOrientationLandscapeLeft UIInterfaceOrientationLandscapeRight";
				INFOPLIST_KEY_UISupportedInterfaceOrientations_iPhone = "UIInterfaceOrientationPortrait UIInterfaceOrientationLandscapeLeft UIInterfaceOrientationLandscapeRight";
				LD_RUNPATH_SEARCH_PATHS = (
					"$(inherited)",
					"@executable_path/Frameworks",
				);
				MARKETING_VERSION = 1.0;
				PRODUCT_BUNDLE_IDENTIFIER = ceyda.Deneme1;
				PRODUCT_NAME = "$(TARGET_NAME)";
				SWIFT_EMIT_LOC_STRINGS = YES;
				SWIFT_VERSION = 5.0;
				TARGETED_DEVICE_FAMILY = "1,2";
			};
			name = Debug;
		};
		D0F385C82D5A8F0E00658263 /* Release */ = {
			isa = XCBuildConfiguration;
			buildSettings = {
				ASSETCATALOG_COMPILER_APPICON_NAME = AppIcon;
				ASSETCATALOG_COMPILER_GLOBAL_ACCENT_COLOR_NAME = AccentColor;
				CODE_SIGN_STYLE = Automatic;
				CURRENT_PROJECT_VERSION = 1;
				DEVELOPMENT_ASSET_PATHS = "\"Deneme1/Preview Content\"";
				DEVELOPMENT_TEAM = 38W9HTCDSG;
				ENABLE_PREVIEWS = YES;
				GENERATE_INFOPLIST_FILE = YES;
				INFOPLIST_KEY_UIApplicationSceneManifest_Generation = YES;
				INFOPLIST_KEY_UIApplicationSupportsIndirectInputEvents = YES;
				INFOPLIST_KEY_UILaunchScreen_Generation = YES;
				INFOPLIST_KEY_UISupportedInterfaceOrientations_iPad = "UIInterfaceOrientationPortrait UIInterfaceOrientationPortraitUpsideDown UIInterfaceOrientationLandscapeLeft UIInterfaceOrientationLandscapeRight";
				INFOPLIST_KEY_UISupportedInterfaceOrientations_iPhone = "UIInterfaceOrientationPortrait UIInterfaceOrientationLandscapeLeft UIInterfaceOrientationLandscapeRight";
				LD_RUNPATH_SEARCH_PATHS = (
					"$(inherited)",
					"@executable_path/Frameworks",
				);
				MARKETING_VERSION = 1.0;
				PRODUCT_BUNDLE_IDENTIFIER = ceyda.Deneme1;
				PRODUCT_NAME = "$(TARGET_NAME)";
				SWIFT_EMIT_LOC_STRINGS = YES;
				SWIFT_VERSION = 5.0;
				TARGETED_DEVICE_FAMILY = "1,2";
			};
			name = Release;
		};
		D0F385CA2D5A8F0E00658263 /* Debug */ = {
			isa = XCBuildConfiguration;
			buildSettings = {
				BUNDLE_LOADER = "$(TEST_HOST)";
				CODE_SIGN_STYLE = Automatic;
				CURRENT_PROJECT_VERSION = 1;
				DEVELOPMENT_TEAM = 38W9HTCDSG;
				GENERATE_INFOPLIST_FILE = YES;
				IPHONEOS_DEPLOYMENT_TARGET = 18.2;
				MARKETING_VERSION = 1.0;
				PRODUCT_BUNDLE_IDENTIFIER = ceyda.Deneme1Tests;
				PRODUCT_NAME = "$(TARGET_NAME)";
				SWIFT_EMIT_LOC_STRINGS = NO;
				SWIFT_VERSION = 5.0;
				TARGETED_DEVICE_FAMILY = "1,2";
				TEST_HOST = "$(BUILT_PRODUCTS_DIR)/Deneme1.app/$(BUNDLE_EXECUTABLE_FOLDER_PATH)/Deneme1";
			};
			name = Debug;
		};
		D0F385CB2D5A8F0E00658263 /* Release */ = {
			isa = XCBuildConfiguration;
			buildSettings = {
				BUNDLE_LOADER = "$(TEST_HOST)";
				CODE_SIGN_STYLE = Automatic;
				CURRENT_PROJECT_VERSION = 1;
				DEVELOPMENT_TEAM = 38W9HTCDSG;
				GENERATE_INFOPLIST_FILE = YES;
				IPHONEOS_DEPLOYMENT_TARGET = 18.2;
				MARKETING_VERSION = 1.0;
				PRODUCT_BUNDLE_IDENTIFIER = ceyda.Deneme1Tests;
				PRODUCT_NAME = "$(TARGET_NAME)";
				SWIFT_EMIT_LOC_STRINGS = NO;
				SWIFT_VERSION = 5.0;
				TARGETED_DEVICE_FAMILY = "1,2";
				TEST_HOST = "$(BUILT_PRODUCTS_DIR)/Deneme1.app/$(BUNDLE_EXECUTABLE_FOLDER_PATH)/Deneme1";
			};
			name = Release;
		};
		D0F385CD2D5A8F0E00658263 /* Debug */ = {
			isa = XCBuildConfiguration;
			buildSettings = {
				CODE_SIGN_STYLE = Automatic;
				CURRENT_PROJECT_VERSION = 1;
				DEVELOPMENT_TEAM = 38W9HTCDSG;
				GENERATE_INFOPLIST_FILE = YES;
				MARKETING_VERSION = 1.0;
				PRODUCT_BUNDLE_IDENTIFIER = ceyda.Deneme1UITests;
				PRODUCT_NAME = "$(TARGET_NAME)";
				SWIFT_EMIT_LOC_STRINGS = NO;
				SWIFT_VERSION = 5.0;
				TARGETED_DEVICE_FAMILY = "1,2";
				TEST_TARGET_NAME = Deneme1;
			};
			name = Debug;
		};
		D0F385CE2D5A8F0E00658263 /* Release */ = {
			isa = XCBuildConfiguration;
			buildSettings = {
				CODE_SIGN_STYLE = Automatic;
				CURRENT_PROJECT_VERSION = 1;
				DEVELOPMENT_TEAM = 38W9HTCDSG;
				GENERATE_INFOPLIST_FILE = YES;
				MARKETING_VERSION = 1.0;
				PRODUCT_BUNDLE_IDENTIFIER = ceyda.Deneme1UITests;
				PRODUCT_NAME = "$(TARGET_NAME)";
				SWIFT_EMIT_LOC_STRINGS = NO;
				SWIFT_VERSION = 5.0;
				TARGETED_DEVICE_FAMILY = "1,2";
				TEST_TARGET_NAME = Deneme1;
			};
			name = Release;
		};
/* End XCBuildConfiguration section */

/* Begin XCConfigurationList section */
		D0F3859D2D5A8F0D00658263 /* Build configuration list for PBXProject "Deneme1" */ = {
			isa = XCConfigurationList;
			buildConfigurations = (
				D0F385C42D5A8F0E00658263 /* Debug */,
				D0F385C52D5A8F0E00658263 /* Release */,
			);
			defaultConfigurationIsVisible = 0;
			defaultConfigurationName = Release;
		};
		D0F385C62D5A8F0E00658263 /* Build configuration list for PBXNativeTarget "Deneme1" */ = {
			isa = XCConfigurationList;
			buildConfigurations = (
				D0F385C72D5A8F0E00658263 /* Debug */,
				D0F385C82D5A8F0E00658263 /* Release */,
			);
			defaultConfigurationIsVisible = 0;
			defaultConfigurationName = Release;
		};
		D0F385C92D5A8F0E00658263 /* Build configuration list for PBXNativeTarget "Deneme1Tests" */ = {
			isa = XCConfigurationList;
			buildConfigurations = (
				D0F385CA2D5A8F0E00658263 /* Debug */,
				D0F385CB2D5A8F0E00658263 /* Release */,
			);
			defaultConfigurationIsVisible = 0;
			defaultConfigurationName = Release;
		};
		D0F385CC2D5A8F0E00658263 /* Build configuration list for PBXNativeTarget "Deneme1UITests" */ = {
			isa = XCConfigurationList;
			buildConfigurations = (
				D0F385CD2D5A8F0E00658263 /* Debug */,
				D0F385CE2D5A8F0E00658263 /* Release */,
			);
			defaultConfigurationIsVisible = 0;
			defaultConfigurationName = Release;
		};
/* End XCConfigurationList section */
	};
	rootObject = D0F3859A2D5A8F0D00658263 /* Project object */;
}
